
Microsoft Visual Studio Solution File, Format Version 12.00
# Visual Studio Version 17
VisualStudioVersion = 17.0.32014.148
MinimumVisualStudioVersion = 10.0.40219.1
Project("{FAE04EC0-301F-11D3-BF4B-00C04F79EFBC}") = "WpfApp1", "WpfApp1\WpfApp1.csproj", "{EF3B252E-0CB7-47D1-BE82-EC2D7406B3AB}"
EndProject
Project("{FAE04EC0-301F-11D3-BF4B-00C04F79EFBC}") = "SimpleCalculator", "SimpleCalculator\SimpleCalculator.csproj", "{AF4E0494-928D-4D4E-96ED-41B8539DE464}"
EndProject
Project("{FAE04EC0-301F-11D3-BF4B-00C04F79EFBC}") = "DemoCSharpDelegates", "DemoCSharpDelegates\DemoCSharpDelegates.csproj", "{42018BF8-72D9-4482-BCBB-6475FAAFC65B}"
EndProject
Project("{FAE04EC0-301F-11D3-BF4B-00C04F79EFBC}") = "DemoCSharp", "DemoCSharp\DemoCSharp.csproj", "{70B0CFEA-01B3-42E6-8FA9-D40BB9664063}"
EndProject
Project("{FAE04EC0-301F-11D3-BF4B-00C04F79EFBC}") = "WindowWithEvents", "WindowWithEvents\WindowWithEvents.csproj", "{2898DB1A-E17B-45A2-8A0F-356548906382}"
EndProject
Project("{FAE04EC0-301F-11D3-BF4B-00C04F79EFBC}") = "Warenkorb", "Warenkorb\Warenkorb.csproj", "{D304741A-A35D-4B94-89A5-310936C3137E}"
EndProject
Project("{FAE04EC0-301F-11D3-BF4B-00C04F79EFBC}") = "DataBinding", "DataBinding\DataBinding.csproj", "{874829D0-6061-42E6-834B-83BAE7C12F99}"
EndProject
Project("{FAE04EC0-301F-11D3-BF4B-00C04F79EFBC}") = "MyCalculatorWithDataBinding", "MyCalculatorWithDataBinding\MyCalculatorWithDataBinding.csproj", "{B17CCDF1-8C17-453E-878A-BA6A5D5D012A}"
EndProject
Project("{FAE04EC0-301F-11D3-BF4B-00C04F79EFBC}") = "Brutto_Netto_Rechner", "Brutto_Netto_Rechner\Brutto_Netto_Rechner.csproj", "{2DF550D7-76D9-4BCE-B10D-60B267F830AF}"
EndProject
Project("{FAE04EC0-301F-11D3-BF4B-00C04F79EFBC}") = "Rätselreaten", "Rätselreaten\Rätselreaten.csproj", "{A08EDB6A-1B8F-410B-99CD-F1368928E916}"
EndProject
Project("{FAE04EC0-301F-11D3-BF4B-00C04F79EFBC}") = "Collection_Databinding", "Collection_Databinding\Collection_Databinding.csproj", "{0654D823-EAA9-48EB-A828-A194AD6D433A}"
EndProject
Project("{FAE04EC0-301F-11D3-BF4B-00C04F79EFBC}") = "EntityFrameworkConsoleSample", "EntityFrameworkConsoleSample\EntityFrameworkConsoleSample.csproj", "{F20791AF-D306-440B-8F96-90FBF8D05F26}"
EndProject
Project("{FAE04EC0-301F-11D3-BF4B-00C04F79EFBC}") = "Wiederholung17022022", "Wiederholung17022022\Wiederholung17022022.csproj", "{E7018A9B-3E51-46E8-9B0F-A5A452AE33C1}"
EndProject
Global
	GlobalSection(SolutionConfigurationPlatforms) = preSolution
		Debug|Any CPU = Debug|Any CPU
		Release|Any CPU = Release|Any CPU
	EndGlobalSection
	GlobalSection(ProjectConfigurationPlatforms) = postSolution
		{EF3B252E-0CB7-47D1-BE82-EC2D7406B3AB}.Debug|Any CPU.ActiveCfg = Debug|Any CPU
		{EF3B252E-0CB7-47D1-BE82-EC2D7406B3AB}.Debug|Any CPU.Build.0 = Debug|Any CPU
		{EF3B252E-0CB7-47D1-BE82-EC2D7406B3AB}.Release|Any CPU.ActiveCfg = Release|Any CPU
		{EF3B252E-0CB7-47D1-BE82-EC2D7406B3AB}.Release|Any CPU.Build.0 = Release|Any CPU
		{AF4E0494-928D-4D4E-96ED-41B8539DE464}.Debug|Any CPU.ActiveCfg = Debug|Any CPU
		{AF4E0494-928D-4D4E-96ED-41B8539DE464}.Debug|Any CPU.Build.0 = Debug|Any CPU
		{AF4E0494-928D-4D4E-96ED-41B8539DE464}.Release|Any CPU.ActiveCfg = Release|Any CPU
		{AF4E0494-928D-4D4E-96ED-41B8539DE464}.Release|Any CPU.Build.0 = Release|Any CPU
		{42018BF8-72D9-4482-BCBB-6475FAAFC65B}.Debug|Any CPU.ActiveCfg = Debug|Any CPU
		{42018BF8-72D9-4482-BCBB-6475FAAFC65B}.Debug|Any CPU.Build.0 = Debug|Any CPU
		{42018BF8-72D9-4482-BCBB-6475FAAFC65B}.Release|Any CPU.ActiveCfg = Release|Any CPU
		{42018BF8-72D9-4482-BCBB-6475FAAFC65B}.Release|Any CPU.Build.0 = Release|Any CPU
		{70B0CFEA-01B3-42E6-8FA9-D40BB9664063}.Debug|Any CPU.ActiveCfg = Debug|Any CPU
		{70B0CFEA-01B3-42E6-8FA9-D40BB9664063}.Debug|Any CPU.Build.0 = Debug|Any CPU
		{70B0CFEA-01B3-42E6-8FA9-D40BB9664063}.Release|Any CPU.ActiveCfg = Release|Any CPU
		{70B0CFEA-01B3-42E6-8FA9-D40BB9664063}.Release|Any CPU.Build.0 = Release|Any CPU
		{2898DB1A-E17B-45A2-8A0F-356548906382}.Debug|Any CPU.ActiveCfg = Debug|Any CPU
		{2898DB1A-E17B-45A2-8A0F-356548906382}.Debug|Any CPU.Build.0 = Debug|Any CPU
		{2898DB1A-E17B-45A2-8A0F-356548906382}.Release|Any CPU.ActiveCfg = Release|Any CPU
		{2898DB1A-E17B-45A2-8A0F-356548906382}.Release|Any CPU.Build.0 = Release|Any CPU
		{D304741A-A35D-4B94-89A5-310936C3137E}.Debug|Any CPU.ActiveCfg = Debug|Any CPU
		{D304741A-A35D-4B94-89A5-310936C3137E}.Debug|Any CPU.Build.0 = Debug|Any CPU
		{D304741A-A35D-4B94-89A5-310936C3137E}.Release|Any CPU.ActiveCfg = Release|Any CPU
		{D304741A-A35D-4B94-89A5-310936C3137E}.Release|Any CPU.Build.0 = Release|Any CPU
		{874829D0-6061-42E6-834B-83BAE7C12F99}.Debug|Any CPU.ActiveCfg = Debug|Any CPU
		{874829D0-6061-42E6-834B-83BAE7C12F99}.Debug|Any CPU.Build.0 = Debug|Any CPU
		{874829D0-6061-42E6-834B-83BAE7C12F99}.Release|Any CPU.ActiveCfg = Release|Any CPU
		{874829D0-6061-42E6-834B-83BAE7C12F99}.Release|Any CPU.Build.0 = Release|Any CPU
		{B17CCDF1-8C17-453E-878A-BA6A5D5D012A}.Debug|Any CPU.ActiveCfg = Debug|Any CPU
		{B17CCDF1-8C17-453E-878A-BA6A5D5D012A}.Debug|Any CPU.Build.0 = Debug|Any CPU
		{B17CCDF1-8C17-453E-878A-BA6A5D5D012A}.Release|Any CPU.ActiveCfg = Release|Any CPU
		{B17CCDF1-8C17-453E-878A-BA6A5D5D012A}.Release|Any CPU.Build.0 = Release|Any CPU
		{2DF550D7-76D9-4BCE-B10D-60B267F830AF}.Debug|Any CPU.ActiveCfg = Debug|Any CPU
		{2DF550D7-76D9-4BCE-B10D-60B267F830AF}.Debug|Any CPU.Build.0 = Debug|Any CPU
		{2DF550D7-76D9-4BCE-B10D-60B267F830AF}.Release|Any CPU.ActiveCfg = Release|Any CPU
		{2DF550D7-76D9-4BCE-B10D-60B267F830AF}.Release|Any CPU.Build.0 = Release|Any CPU
		{A08EDB6A-1B8F-410B-99CD-F1368928E916}.Debug|Any CPU.ActiveCfg = Debug|Any CPU
		{A08EDB6A-1B8F-410B-99CD-F1368928E916}.Debug|Any CPU.Build.0 = Debug|Any CPU
		{A08EDB6A-1B8F-410B-99CD-F1368928E916}.Release|Any CPU.ActiveCfg = Release|Any CPU
		{A08EDB6A-1B8F-410B-99CD-F1368928E916}.Release|Any CPU.Build.0 = Release|Any CPU
		{0654D823-EAA9-48EB-A828-A194AD6D433A}.Debug|Any CPU.ActiveCfg = Debug|Any CPU
		{0654D823-EAA9-48EB-A828-A194AD6D433A}.Debug|Any CPU.Build.0 = Debug|Any CPU
		{0654D823-EAA9-48EB-A828-A194AD6D433A}.Release|Any CPU.ActiveCfg = Release|Any CPU
		{0654D823-EAA9-48EB-A828-A194AD6D433A}.Release|Any CPU.Build.0 = Release|Any CPU
		{F20791AF-D306-440B-8F96-90FBF8D05F26}.Debug|Any CPU.ActiveCfg = Debug|Any CPU
		{F20791AF-D306-440B-8F96-90FBF8D05F26}.Debug|Any CPU.Build.0 = Debug|Any CPU
		{F20791AF-D306-440B-8F96-90FBF8D05F26}.Release|Any CPU.ActiveCfg = Release|Any CPU
		{F20791AF-D306-440B-8F96-90FBF8D05F26}.Release|Any CPU.Build.0 = Release|Any CPU
		{E7018A9B-3E51-46E8-9B0F-A5A452AE33C1}.Debug|Any CPU.ActiveCfg = Debug|Any CPU
		{E7018A9B-3E51-46E8-9B0F-A5A452AE33C1}.Debug|Any CPU.Build.0 = Debug|Any CPU
		{E7018A9B-3E51-46E8-9B0F-A5A452AE33C1}.Release|Any CPU.ActiveCfg = Release|Any CPU
		{E7018A9B-3E51-46E8-9B0F-A5A452AE33C1}.Release|Any CPU.Build.0 = Release|Any CPU
	EndGlobalSection
	GlobalSection(SolutionProperties) = preSolution
		HideSolutionNode = FALSE
	EndGlobalSection
	GlobalSection(ExtensibilityGlobals) = postSolution
		SolutionGuid = {6112FDDA-7B3D-40C1-90C1-3356971F8029}
	EndGlobalSection
EndGlobal
